// !$*UTF8*$!
{
	archiveVersion = 1;
	classes = {
	};
	objectVersion = 56;
	objects = {

/* Begin PBXBuildFile section */
		8538E5FB2A7B36A9004630ED /* Item.swift in Sources */ = {isa = PBXBuildFile; fileRef = 8538E5FA2A7B36A9004630ED /* Item.swift */; };
		8538E5FD2A7B36B0004630ED /* Category.swift in Sources */ = {isa = PBXBuildFile; fileRef = 8538E5FC2A7B36B0004630ED /* Category.swift */; };
		8543B1232A6DC478009448CE /* CategoryTableViewController.swift in Sources */ = {isa = PBXBuildFile; fileRef = 8543B1222A6DC478009448CE /* CategoryTableViewController.swift */; };
		85B9EC742A60896D00F8A86D /* AppDelegate.swift in Sources */ = {isa = PBXBuildFile; fileRef = 85B9EC732A60896D00F8A86D /* AppDelegate.swift */; };
		85B9EC762A60896D00F8A86D /* SceneDelegate.swift in Sources */ = {isa = PBXBuildFile; fileRef = 85B9EC752A60896D00F8A86D /* SceneDelegate.swift */; };
		85B9EC782A60896D00F8A86D /* ToDoListViewController.swift in Sources */ = {isa = PBXBuildFile; fileRef = 85B9EC772A60896D00F8A86D /* ToDoListViewController.swift */; };
		85B9EC7B2A60896D00F8A86D /* Main.storyboard in Resources */ = {isa = PBXBuildFile; fileRef = 85B9EC792A60896D00F8A86D /* Main.storyboard */; };
		85B9EC802A60896E00F8A86D /* Assets.xcassets in Resources */ = {isa = PBXBuildFile; fileRef = 85B9EC7F2A60896E00F8A86D /* Assets.xcassets */; };
		85B9EC832A60896E00F8A86D /* LaunchScreen.storyboard in Resources */ = {isa = PBXBuildFile; fileRef = 85B9EC812A60896E00F8A86D /* LaunchScreen.storyboard */; };
		85BF91DD2A78907200FFAD7F /* Realm in Frameworks */ = {isa = PBXBuildFile; productRef = 85BF91DC2A78907200FFAD7F /* Realm */; };
		85BF91DF2A78907200FFAD7F /* RealmSwift in Frameworks */ = {isa = PBXBuildFile; productRef = 85BF91DE2A78907200FFAD7F /* RealmSwift */; };
/* End PBXBuildFile section */

/* Begin PBXFileReference section */
		8538E5FA2A7B36A9004630ED /* Item.swift */ = {isa = PBXFileReference; lastKnownFileType = sourcecode.swift; path = Item.swift; sourceTree = "<group>"; };
		8538E5FC2A7B36B0004630ED /* Category.swift */ = {isa = PBXFileReference; lastKnownFileType = sourcecode.swift; path = Category.swift; sourceTree = "<group>"; };
		8543B1222A6DC478009448CE /* CategoryTableViewController.swift */ = {isa = PBXFileReference; lastKnownFileType = sourcecode.swift; path = CategoryTableViewController.swift; sourceTree = "<group>"; };
		85B9EC702A60896D00F8A86D /* Todoey.app */ = {isa = PBXFileReference; explicitFileType = wrapper.application; includeInIndex = 0; path = Todoey.app; sourceTree = BUILT_PRODUCTS_DIR; };
		85B9EC732A60896D00F8A86D /* AppDelegate.swift */ = {isa = PBXFileReference; lastKnownFileType = sourcecode.swift; path = AppDelegate.swift; sourceTree = "<group>"; };
		85B9EC752A60896D00F8A86D /* SceneDelegate.swift */ = {isa = PBXFileReference; lastKnownFileType = sourcecode.swift; path = SceneDelegate.swift; sourceTree = "<group>"; };
		85B9EC772A60896D00F8A86D /* ToDoListViewController.swift */ = {isa = PBXFileReference; lastKnownFileType = sourcecode.swift; path = ToDoListViewController.swift; sourceTree = "<group>"; };
		85B9EC7A2A60896D00F8A86D /* Base */ = {isa = PBXFileReference; lastKnownFileType = file.storyboard; name = Base; path = Base.lproj/Main.storyboard; sourceTree = "<group>"; };
		85B9EC7F2A60896E00F8A86D /* Assets.xcassets */ = {isa = PBXFileReference; lastKnownFileType = folder.assetcatalog; path = Assets.xcassets; sourceTree = "<group>"; };
		85B9EC822A60896E00F8A86D /* Base */ = {isa = PBXFileReference; lastKnownFileType = file.storyboard; name = Base; path = Base.lproj/LaunchScreen.storyboard; sourceTree = "<group>"; };
		85B9EC842A60896E00F8A86D /* Info.plist */ = {isa = PBXFileReference; lastKnownFileType = text.plist.xml; path = Info.plist; sourceTree = "<group>"; };
/* End PBXFileReference section */

/* Begin PBXFrameworksBuildPhase section */
		85B9EC6D2A60896D00F8A86D /* Frameworks */ = {
			isa = PBXFrameworksBuildPhase;
			buildActionMask = 2147483647;
			files = (
				85BF91DF2A78907200FFAD7F /* RealmSwift in Frameworks */,
				85BF91DD2A78907200FFAD7F /* Realm in Frameworks */,
			);
			runOnlyForDeploymentPostprocessing = 0;
		};
/* End PBXFrameworksBuildPhase section */

/* Begin PBXGroup section */
		85B9EC672A60896D00F8A86D = {
			isa = PBXGroup;
			children = (
				85B9EC722A60896D00F8A86D /* Todoey */,
				85B9EC712A60896D00F8A86D /* Products */,
			);
			sourceTree = "<group>";
		};
		85B9EC712A60896D00F8A86D /* Products */ = {
			isa = PBXGroup;
			children = (
				85B9EC702A60896D00F8A86D /* Todoey.app */,
			);
			name = Products;
			sourceTree = "<group>";
		};
		85B9EC722A60896D00F8A86D /* Todoey */ = {
			isa = PBXGroup;
			children = (
				85B9EC732A60896D00F8A86D /* AppDelegate.swift */,
				85B9EC752A60896D00F8A86D /* SceneDelegate.swift */,
				85B9EC8D2A6332CA00F8A86D /* Data Model */,
				85B9EC8A2A6332A200F8A86D /* Controller */,
				85B9EC8E2A6332F600F8A86D /* View */,
				85B9EC8F2A63330300F8A86D /* Support files */,
				85B9EC842A60896E00F8A86D /* Info.plist */,
			);
			path = Todoey;
			sourceTree = "<group>";
		};
		85B9EC8A2A6332A200F8A86D /* Controller */ = {
			isa = PBXGroup;
			children = (
				8543B1222A6DC478009448CE /* CategoryTableViewController.swift */,
				85B9EC772A60896D00F8A86D /* ToDoListViewController.swift */,
			);
			path = Controller;
			sourceTree = "<group>";
		};
		85B9EC8D2A6332CA00F8A86D /* Data Model */ = {
			isa = PBXGroup;
			children = (
				8538E5FA2A7B36A9004630ED /* Item.swift */,
				8538E5FC2A7B36B0004630ED /* Category.swift */,
			);
			path = "Data Model";
			sourceTree = "<group>";
		};
		85B9EC8E2A6332F600F8A86D /* View */ = {
			isa = PBXGroup;
			children = (
				85B9EC792A60896D00F8A86D /* Main.storyboard */,
			);
			path = View;
			sourceTree = "<group>";
		};
		85B9EC8F2A63330300F8A86D /* Support files */ = {
			isa = PBXGroup;
			children = (
				85B9EC7F2A60896E00F8A86D /* Assets.xcassets */,
				85B9EC812A60896E00F8A86D /* LaunchScreen.storyboard */,
			);
			path = "Support files";
			sourceTree = "<group>";
		};
/* End PBXGroup section */

/* Begin PBXNativeTarget section */
		85B9EC6F2A60896D00F8A86D /* Todoey */ = {
			isa = PBXNativeTarget;
			buildConfigurationList = 85B9EC872A60896E00F8A86D /* Build configuration list for PBXNativeTarget "Todoey" */;
			buildPhases = (
				85B9EC6C2A60896D00F8A86D /* Sources */,
				85B9EC6D2A60896D00F8A86D /* Frameworks */,
				85B9EC6E2A60896D00F8A86D /* Resources */,
			);
			buildRules = (
			);
			dependencies = (
			);
			name = Todoey;
			packageProductDependencies = (
				85BF91DC2A78907200FFAD7F /* Realm */,
				85BF91DE2A78907200FFAD7F /* RealmSwift */,
			);
			productName = Todoey;
			productReference = 85B9EC702A60896D00F8A86D /* Todoey.app */;
			productType = "com.apple.product-type.application";
		};
/* End PBXNativeTarget section */

/* Begin PBXProject section */
		85B9EC682A60896D00F8A86D /* Project object */ = {
			isa = PBXProject;
			attributes = {
				BuildIndependentTargetsInParallel = 1;
				LastSwiftUpdateCheck = 1430;
				LastUpgradeCheck = 1430;
				TargetAttributes = {
					85B9EC6F2A60896D00F8A86D = {
						CreatedOnToolsVersion = 14.3.1;
					};
				};
			};
			buildConfigurationList = 85B9EC6B2A60896D00F8A86D /* Build configuration list for PBXProject "Todoey" */;
			compatibilityVersion = "Xcode 14.0";
			developmentRegion = en;
			hasScannedForEncodings = 0;
			knownRegions = (
				en,
				Base,
			);
			mainGroup = 85B9EC672A60896D00F8A86D;
			packageReferences = (
				85BF91DB2A78907200FFAD7F /* XCRemoteSwiftPackageReference "realm-swift" */,
			);
			productRefGroup = 85B9EC712A60896D00F8A86D /* Products */;
			projectDirPath = "";
			projectRoot = "";
			targets = (
				85B9EC6F2A60896D00F8A86D /* Todoey */,
			);
		};
/* End PBXProject section */

/* Begin PBXResourcesBuildPhase section */
		85B9EC6E2A60896D00F8A86D /* Resources */ = {
			isa = PBXResourcesBuildPhase;
			buildActionMask = 2147483647;
			files = (
				85B9EC832A60896E00F8A86D /* LaunchScreen.storyboard in Resources */,
				85B9EC802A60896E00F8A86D /* Assets.xcassets in Resources */,
				85B9EC7B2A60896D00F8A86D /* Main.storyboard in Resources */,
			);
			runOnlyForDeploymentPostprocessing = 0;
		};
/* End PBXResourcesBuildPhase section */

/* Begin PBXSourcesBuildPhase section */
		85B9EC6C2A60896D00F8A86D /* Sources */ = {
			isa = PBXSourcesBuildPhase;
			buildActionMask = 2147483647;
			files = (
				85B9EC782A60896D00F8A86D /* ToDoListViewController.swift in Sources */,
				85B9EC742A60896D00F8A86D /* AppDelegate.swift in Sources */,
				8543B1232A6DC478009448CE /* CategoryTableViewController.swift in Sources */,
				85B9EC762A60896D00F8A86D /* SceneDelegate.swift in Sources */,
				8538E5FB2A7B36A9004630ED /* Item.swift in Sources */,
				8538E5FD2A7B36B0004630ED /* Category.swift in Sources */,
			);
			runOnlyForDeploymentPostprocessing = 0;
		};
/* End PBXSourcesBuildPhase section */

/* Begin PBXVariantGroup section */
		85B9EC792A60896D00F8A86D /* Main.storyboard */ = {
			isa = PBXVariantGroup;
			children = (
				85B9EC7A2A60896D00F8A86D /* Base */,
			);
			name = Main.storyboard;
			sourceTree = "<group>";
		};
		85B9EC812A60896E00F8A86D /* LaunchScreen.storyboard */ = {
			isa = PBXVariantGroup;
			children = (
				85B9EC822A60896E00F8A86D /* Base */,
			);
			name = LaunchScreen.storyboard;
			sourceTree = "<group>";
		};
/* End PBXVariantGroup section */

/* Begin XCBuildConfiguration section */
		85B9EC852A60896E00F8A86D /* Debug */ = {
			isa = XCBuildConfiguration;
			buildSettings = {
				ALWAYS_SEARCH_USER_PATHS = NO;
				CLANG_ANALYZER_NONNULL = YES;
				CLANG_ANALYZER_NUMBER_OBJECT_CONVERSION = YES_AGGRESSIVE;
				CLANG_CXX_LANGUAGE_STANDARD = "gnu++20";
				CLANG_ENABLE_MODULES = YES;
				CLANG_ENABLE_OBJC_ARC = YES;
				CLANG_ENABLE_OBJC_WEAK = YES;
				CLANG_WARN_BLOCK_CAPTURE_AUTORELEASING = YES;
				CLANG_WARN_BOOL_CONVERSION = YES;
				CLANG_WARN_COMMA = YES;
				CLANG_WARN_CONSTANT_CONVERSION = YES;
				CLANG_WARN_DEPRECATED_OBJC_IMPLEMENTATIONS = YES;
				CLANG_WARN_DIRECT_OBJC_ISA_USAGE = YES_ERROR;
				CLANG_WARN_DOCUMENTATION_COMMENTS = YES;
				CLANG_WARN_EMPTY_BODY = YES;
				CLANG_WARN_ENUM_CONVERSION = YES;
				CLANG_WARN_INFINITE_RECURSION = YES;
				CLANG_WARN_INT_CONVERSION = YES;
				CLANG_WARN_NON_LITERAL_NULL_CONVERSION = YES;
				CLANG_WARN_OBJC_IMPLICIT_RETAIN_SELF = YES;
				CLANG_WARN_OBJC_LITERAL_CONVERSION = YES;
				CLANG_WARN_OBJC_ROOT_CLASS = YES_ERROR;
				CLANG_WARN_QUOTED_INCLUDE_IN_FRAMEWORK_HEADER = YES;
				CLANG_WARN_RANGE_LOOP_ANALYSIS = YES;
				CLANG_WARN_STRICT_PROTOTYPES = YES;
				CLANG_WARN_SUSPICIOUS_MOVE = YES;
				CLANG_WARN_UNGUARDED_AVAILABILITY = YES_AGGRESSIVE;
				CLANG_WARN_UNREACHABLE_CODE = YES;
				CLANG_WARN__DUPLICATE_METHOD_MATCH = YES;
				COPY_PHASE_STRIP = NO;
				DEBUG_INFORMATION_FORMAT = dwarf;
				ENABLE_STRICT_OBJC_MSGSEND = YES;
				ENABLE_TESTABILITY = YES;
				GCC_C_LANGUAGE_STANDARD = gnu11;
				GCC_DYNAMIC_NO_PIC = NO;
				GCC_NO_COMMON_BLOCKS = YES;
				GCC_OPTIMIZATION_LEVEL = 0;
				GCC_PREPROCESSOR_DEFINITIONS = (
					"DEBUG=1",
					"$(inherited)",
				);
				GCC_WARN_64_TO_32_BIT_CONVERSION = YES;
				GCC_WARN_ABOUT_RETURN_TYPE = YES_ERROR;
				GCC_WARN_UNDECLARED_SELECTOR = YES;
				GCC_WARN_UNINITIALIZED_AUTOS = YES_AGGRESSIVE;
				GCC_WARN_UNUSED_FUNCTION = YES;
				GCC_WARN_UNUSED_VARIABLE = YES;
				IPHONEOS_DEPLOYMENT_TARGET = 16.4;
				MTL_ENABLE_DEBUG_INFO = INCLUDE_SOURCE;
				MTL_FAST_MATH = YES;
				ONLY_ACTIVE_ARCH = YES;
				SDKROOT = iphoneos;
				SWIFT_ACTIVE_COMPILATION_CONDITIONS = DEBUG;
				SWIFT_OPTIMIZATION_LEVEL = "-Onone";
			};
			name = Debug;
		};
		85B9EC862A60896E00F8A86D /* Release */ = {
			isa = XCBuildConfiguration;
			buildSettings = {
				ALWAYS_SEARCH_USER_PATHS = NO;
				CLANG_ANALYZER_NONNULL = YES;
				CLANG_ANALYZER_NUMBER_OBJECT_CONVERSION = YES_AGGRESSIVE;
				CLANG_CXX_LANGUAGE_STANDARD = "gnu++20";
				CLANG_ENABLE_MODULES = YES;
				CLANG_ENABLE_OBJC_ARC = YES;
				CLANG_ENABLE_OBJC_WEAK = YES;
				CLANG_WARN_BLOCK_CAPTURE_AUTORELEASING = YES;
				CLANG_WARN_BOOL_CONVERSION = YES;
				CLANG_WARN_COMMA = YES;
				CLANG_WARN_CONSTANT_CONVERSION = YES;
				CLANG_WARN_DEPRECATED_OBJC_IMPLEMENTATIONS = YES;
				CLANG_WARN_DIRECT_OBJC_ISA_USAGE = YES_ERROR;
				CLANG_WARN_DOCUMENTATION_COMMENTS = YES;
				CLANG_WARN_EMPTY_BODY = YES;
				CLANG_WARN_ENUM_CONVERSION = YES;
				CLANG_WARN_INFINITE_RECURSION = YES;
				CLANG_WARN_INT_CONVERSION = YES;
				CLANG_WARN_NON_LITERAL_NULL_CONVERSION = YES;
				CLANG_WARN_OBJC_IMPLICIT_RETAIN_SELF = YES;
				CLANG_WARN_OBJC_LITERAL_CONVERSION = YES;
				CLANG_WARN_OBJC_ROOT_CLASS = YES_ERROR;
				CLANG_WARN_QUOTED_INCLUDE_IN_FRAMEWORK_HEADER = YES;
				CLANG_WARN_RANGE_LOOP_ANALYSIS = YES;
				CLANG_WARN_STRICT_PROTOTYPES = YES;
				CLANG_WARN_SUSPICIOUS_MOVE = YES;
				CLANG_WARN_UNGUARDED_AVAILABILITY = YES_AGGRESSIVE;
				CLANG_WARN_UNREACHABLE_CODE = YES;
				CLANG_WARN__DUPLICATE_METHOD_MATCH = YES;
				COPY_PHASE_STRIP = NO;
				DEBUG_INFORMATION_FORMAT = "dwarf-with-dsym";
				ENABLE_NS_ASSERTIONS = NO;
				ENABLE_STRICT_OBJC_MSGSEND = YES;
				GCC_C_LANGUAGE_STANDARD = gnu11;
				GCC_NO_COMMON_BLOCKS = YES;
				GCC_WARN_64_TO_32_BIT_CONVERSION = YES;
				GCC_WARN_ABOUT_RETURN_TYPE = YES_ERROR;
				GCC_WARN_UNDECLARED_SELECTOR = YES;
				GCC_WARN_UNINITIALIZED_AUTOS = YES_AGGRESSIVE;
				GCC_WARN_UNUSED_FUNCTION = YES;
				GCC_WARN_UNUSED_VARIABLE = YES;
				IPHONEOS_DEPLOYMENT_TARGET = 16.4;
				MTL_ENABLE_DEBUG_INFO = NO;
				MTL_FAST_MATH = YES;
				SDKROOT = iphoneos;
				SWIFT_COMPILATION_MODE = wholemodule;
				SWIFT_OPTIMIZATION_LEVEL = "-O";
				VALIDATE_PRODUCT = YES;
			};
			name = Release;
		};
		85B9EC882A60896E00F8A86D /* Debug */ = {
			isa = XCBuildConfiguration;
			buildSettings = {
				ASSETCATALOG_COMPILER_APPICON_NAME = AppIcon;
				ASSETCATALOG_COMPILER_GLOBAL_ACCENT_COLOR_NAME = AccentColor;
				CODE_SIGN_STYLE = Automatic;
				CURRENT_PROJECT_VERSION = 1;
				DEVELOPMENT_TEAM = AAPQZTBMV7;
				GENERATE_INFOPLIST_FILE = YES;
				INFOPLIST_FILE = Todoey/Info.plist;
				INFOPLIST_KEY_UIApplicationSupportsIndirectInputEvents = YES;
				INFOPLIST_KEY_UILaunchStoryboardName = LaunchScreen;
				INFOPLIST_KEY_UIMainStoryboardFile = Main;
				INFOPLIST_KEY_UISupportedInterfaceOrientations_iPad = "UIInterfaceOrientationPortrait UIInterfaceOrientationPortraitUpsideDown UIInterfaceOrientationLandscapeLeft UIInterfaceOrientationLandscapeRight";
				INFOPLIST_KEY_UISupportedInterfaceOrientations_iPhone = "UIInterfaceOrientationPortrait UIInterfaceOrientationLandscapeLeft UIInterfaceOrientationLandscapeRight";
				LD_RUNPATH_SEARCH_PATHS = (
					"$(inherited)",
					"@executable_path/Frameworks",
				);
				MARKETING_VERSION = 1.0;
				PRODUCT_BUNDLE_IDENTIFIER = orlandomoraesmartins.Todoey;
				PRODUCT_NAME = "$(TARGET_NAME)";
				SWIFT_EMIT_LOC_STRINGS = YES;
				SWIFT_VERSION = 5.0;
				TARGETED_DEVICE_FAMILY = "1,2";
			};
			name = Debug;
		};
		85B9EC892A60896E00F8A86D /* Release */ = {
			isa = XCBuildConfiguration;
			buildSettings = {
				ASSETCATALOG_COMPILER_APPICON_NAME = AppIcon;
				ASSETCATALOG_COMPILER_GLOBAL_ACCENT_COLOR_NAME = AccentColor;
				CODE_SIGN_STYLE = Automatic;
				CURRENT_PROJECT_VERSION = 1;
				DEVELOPMENT_TEAM = AAPQZTBMV7;
				GENERATE_INFOPLIST_FILE = YES;
				INFOPLIST_FILE = Todoey/Info.plist;
				INFOPLIST_KEY_UIApplicationSupportsIndirectInputEvents = YES;
				INFOPLIST_KEY_UILaunchStoryboardName = LaunchScreen;
				INFOPLIST_KEY_UIMainStoryboardFile = Main;
				INFOPLIST_KEY_UISupportedInterfaceOrientations_iPad = "UIInterfaceOrientationPortrait UIInterfaceOrientationPortraitUpsideDown UIInterfaceOrientationLandscapeLeft UIInterfaceOrientationLandscapeRight";
				INFOPLIST_KEY_UISupportedInterfaceOrientations_iPhone = "UIInterfaceOrientationPortrait UIInterfaceOrientationLandscapeLeft UIInterfaceOrientationLandscapeRight";
				LD_RUNPATH_SEARCH_PATHS = (
					"$(inherited)",
					"@executable_path/Frameworks",
				);
				MARKETING_VERSION = 1.0;
				PRODUCT_BUNDLE_IDENTIFIER = orlandomoraesmartins.Todoey;
				PRODUCT_NAME = "$(TARGET_NAME)";
				SWIFT_EMIT_LOC_STRINGS = YES;
				SWIFT_VERSION = 5.0;
				TARGETED_DEVICE_FAMILY = "1,2";
			};
			name = Release;
		};
/* End XCBuildConfiguration section */

/* Begin XCConfigurationList section */
		85B9EC6B2A60896D00F8A86D /* Build configuration list for PBXProject "Todoey" */ = {
			isa = XCConfigurationList;
			buildConfigurations = (
				85B9EC852A60896E00F8A86D /* Debug */,
				85B9EC862A60896E00F8A86D /* Release */,
			);
			defaultConfigurationIsVisible = 0;
			defaultConfigurationName = Release;
		};
		85B9EC872A60896E00F8A86D /* Build configuration list for PBXNativeTarget "Todoey" */ = {
			isa = XCConfigurationList;
			buildConfigurations = (
				85B9EC882A60896E00F8A86D /* Debug */,
				85B9EC892A60896E00F8A86D /* Release */,
			);
			defaultConfigurationIsVisible = 0;
			defaultConfigurationName = Release;
		};
/* End XCConfigurationList section */

/* Begin XCRemoteSwiftPackageReference section */
		85BF91DB2A78907200FFAD7F /* XCRemoteSwiftPackageReference "realm-swift" */ = {
			isa = XCRemoteSwiftPackageReference;
			repositoryURL = "https://github.com/realm/realm-swift.git";
			requirement = {
				branch = master;
				kind = branch;
			};
		};
/* End XCRemoteSwiftPackageReference section */

/* Begin XCSwiftPackageProductDependency section */
		85BF91DC2A78907200FFAD7F /* Realm */ = {
			isa = XCSwiftPackageProductDependency;
			package = 85BF91DB2A78907200FFAD7F /* XCRemoteSwiftPackageReference "realm-swift" */;
			productName = Realm;
		};
		85BF91DE2A78907200FFAD7F /* RealmSwift */ = {
			isa = XCSwiftPackageProductDependency;
			package = 85BF91DB2A78907200FFAD7F /* XCRemoteSwiftPackageReference "realm-swift" */;
			productName = RealmSwift;
		};
/* End XCSwiftPackageProductDependency section */
	};
	rootObject = 85B9EC682A60896D00F8A86D /* Project object */;
}
